
Microsoft Visual Studio Solution File, Format Version 12.00
# Visual Studio Version 16
VisualStudioVersion = 16.0.29123.88
MinimumVisualStudioVersion = 10.0.40219.1
Project("{8BC9CEB8-8B4A-11D0-8D11-00A0C91BC942}") = "engine", "engine\engine.vcxproj", "{59472396-6CF8-4312-AA4E-71B27929E3AC}"
EndProject
Project("{8BC9CEB8-8B4A-11D0-8D11-00A0C91BC942}") = "complex_learning", "examples\complex_learning\complex_learning.vcxproj", "{FF33A8F0-73D0-4599-95A2-A4F215C7A0B7}"
EndProject
Global
	GlobalSection(SolutionConfigurationPlatforms) = preSolution
		Debug|x64 = Debug|x64
		Debug|x86 = Debug|x86
		Release|x64 = Release|x64
		Release|x86 = Release|x86
	EndGlobalSection
	GlobalSection(ProjectConfigurationPlatforms) = postSolution
		{59472396-6CF8-4312-AA4E-71B27929E3AC}.Debug|x64.ActiveCfg = Debug|x64
		{59472396-6CF8-4312-AA4E-71B27929E3AC}.Debug|x64.Build.0 = Debug|x64
		{59472396-6CF8-4312-AA4E-71B27929E3AC}.Debug|x86.ActiveCfg = Debug|Win32
		{59472396-6CF8-4312-AA4E-71B27929E3AC}.Debug|x86.Build.0 = Debug|Win32
		{59472396-6CF8-4312-AA4E-71B27929E3AC}.Release|x64.ActiveCfg = Release|x64
		{59472396-6CF8-4312-AA4E-71B27929E3AC}.Release|x64.Build.0 = Release|x64
		{59472396-6CF8-4312-AA4E-71B27929E3AC}.Release|x86.ActiveCfg = Release|Win32
		{59472396-6CF8-4312-AA4E-71B27929E3AC}.Release|x86.Build.0 = Release|Win32
		{FF33A8F0-73D0-4599-95A2-A4F215C7A0B7}.Debug|x64.ActiveCfg = Debug|x64
		{FF33A8F0-73D0-4599-95A2-A4F215C7A0B7}.Debug|x64.Build.0 = Debug|x64
		{FF33A8F0-73D0-4599-95A2-A4F215C7A0B7}.Debug|x86.ActiveCfg = Debug|Win32
		{FF33A8F0-73D0-4599-95A2-A4F215C7A0B7}.Debug|x86.Build.0 = Debug|Win32
		{FF33A8F0-73D0-4599-95A2-A4F215C7A0B7}.Release|x64.ActiveCfg = Release|x64
		{FF33A8F0-73D0-4599-95A2-A4F215C7A0B7}.Release|x64.Build.0 = Release|x64
		{FF33A8F0-73D0-4599-95A2-A4F215C7A0B7}.Release|x86.ActiveCfg = Release|Win32
		{FF33A8F0-73D0-4599-95A2-A4F215C7A0B7}.Release|x86.Build.0 = Release|Win32
	EndGlobalSection
	GlobalSection(SolutionProperties) = preSolution
		HideSolutionNode = FALSE
	EndGlobalSection
	GlobalSection(ExtensibilityGlobals) = postSolution
		SolutionGuid = {CD358D76-1943-4851-97ED-28574C8DF5B2}
	EndGlobalSection
EndGlobal
