<?xml version="1.0" encoding="utf-8"?>
<Project ToolsVersion="4.0" xmlns="http://schemas.microsoft.com/developer/msbuild/2003">
  <ItemGroup>
    <Filter Include="Исходные файлы">
      <UniqueIdentifier>{4FC737F1-C7A5-4376-A066-2A32D752A2FF}</UniqueIdentifier>
      <Extensions>cpp;c;cc;cxx;def;odl;idl;hpj;bat;asm;asmx</Extensions>
    </Filter>
    <Filter Include="Файлы ресурсов">
      <UniqueIdentifier>{67DA6AB6-F800-4c08-8B7A-83BB121AAD01}</UniqueIdentifier>
      <Extensions>rc;ico;cur;bmp;dlg;rc2;rct;bin;rgs;gif;jpg;jpeg;jpe;resx;tiff;tif;png;wav;mfcribbon-ms</Extensions>
    </Filter>
  </ItemGroup>
  <ItemGroup>
    <ClInclude Include="common\i_map.hpp" />
    <ClInclude Include="common\i_neuron.hpp" />
    <ClInclude Include="common\map.hpp" />
    <ClInclude Include="common\neuron.hpp" />
    <ClInclude Include="complex\i_lesson_2d.hpp" />
    <ClInclude Include="complex\i_network_2d.hpp" />
    <ClInclude Include="complex\lesson_2d.hpp" />
    <ClInclude Include="complex\network_2d.hpp" />
    <ClInclude Include="convolution\convolution_layer_2d.hpp" />
    <ClInclude Include="convolution\core_2d.hpp" />
    <ClInclude Include="convolution\filter_2d.hpp" />
    <ClInclude Include="convolution\i_core_2d.hpp" />
    <ClInclude Include="convolution\i_filter_2d.hpp" />
    <ClInclude Include="convolution\i_layer_2d.hpp" />
    <ClInclude Include="convolution\i_map_2d.hpp" />
    <ClInclude Include="convolution\i_network_2d.hpp" />
    <ClInclude Include="convolution\i_neuron.hpp" />
    <ClInclude Include="convolution\map_2d.hpp" />
    <ClInclude Include="convolution\network_2d.hpp" />
    <ClInclude Include="convolution\neuron.hpp" />
    <ClInclude Include="convolution\pooling_layer_2d.hpp" />
    <ClInclude Include="perceptron\i_layer.hpp" />
    <ClInclude Include="perceptron\i_layer_visitor.hpp" />
    <ClInclude Include="perceptron\i_network.hpp" />
    <ClInclude Include="perceptron\layer.hpp" />
    <ClInclude Include="perceptron\network.hpp" />
  </ItemGroup>
</Project>