<?xml version="1.0" encoding="utf-8"?>
<Project ToolsVersion="4.0" xmlns="http://schemas.microsoft.com/developer/msbuild/2003">
  <ItemGroup>
    <Filter Include="Исходные файлы">
      <UniqueIdentifier>{4FC737F1-C7A5-4376-A066-2A32D752A2FF}</UniqueIdentifier>
      <Extensions>cpp;c;cc;cxx;def;odl;idl;hpj;bat;asm;asmx</Extensions>
    </Filter>
    <Filter Include="Файлы ресурсов">
      <UniqueIdentifier>{67DA6AB6-F800-4c08-8B7A-83BB121AAD01}</UniqueIdentifier>
      <Extensions>rc;ico;cur;bmp;dlg;rc2;rct;bin;rgs;gif;jpg;jpeg;jpe;resx;tiff;tif;png;wav;mfcribbon-ms</Extensions>
    </Filter>
  </ItemGroup>
  <ItemGroup>
    <ClCompile Include="main.cpp">
      <Filter>Исходные файлы</Filter>
    </ClCompile>
    <ClCompile Include="convolution\Filter2DTopology.cpp">
      <Filter>Исходные файлы</Filter>
    </ClCompile>
    <ClCompile Include="convolution\Size2D.cpp">
      <Filter>Исходные файлы</Filter>
    </ClCompile>
    <ClCompile Include="convolution\Layer2DTopology.cpp">
      <Filter>Исходные файлы</Filter>
    </ClCompile>
    <ClCompile Include="convolution\Network2DTopology.cpp">
      <Filter>Исходные файлы</Filter>
    </ClCompile>
    <ClCompile Include="perceptron\LayerTopology.cpp">
      <Filter>Исходные файлы</Filter>
    </ClCompile>
    <ClCompile Include="perceptron\NetworkTopology.cpp">
      <Filter>Исходные файлы</Filter>
    </ClCompile>
    <ClCompile Include="complex\Network2DTopology.cpp">
      <Filter>Исходные файлы</Filter>
    </ClCompile>
  </ItemGroup>
  <ItemGroup>
    <ClInclude Include="common\Neuron.hpp" />
    <ClInclude Include="convolution\Core2D.hpp" />
    <ClInclude Include="common\Mutagen.hpp" />
    <ClInclude Include="common\ValueGenerator.hpp" />
    <ClInclude Include="common\Map.hpp" />
    <ClInclude Include="perceptron\Layer.hpp" />
    <ClInclude Include="convolution\Map2D.hpp" />
    <ClInclude Include="convolution\Size2D.hpp" />
    <ClInclude Include="convolution\Filter2D.hpp" />
    <ClInclude Include="convolution\Filter2DTopology.hpp" />
    <ClInclude Include="convolution\Layer2D.hpp" />
    <ClInclude Include="convolution\Layer2DTopology.hpp" />
    <ClInclude Include="convolution\Network2D.hpp" />
    <ClInclude Include="convolution\Network2DTopology.hpp" />
    <ClInclude Include="perceptron\LayerTopology.hpp" />
    <ClInclude Include="perceptron\Network.hpp" />
    <ClInclude Include="perceptron\NetworkTopology.hpp" />
    <ClInclude Include="complex\Network2D.hpp" />
    <ClInclude Include="complex\Network2DTopology.hpp" />
    <ClInclude Include="common\NeuronProtectingReference.hpp" />
    <ClInclude Include="convolution\Filter2DProtectingReference.hpp" />
    <ClInclude Include="convolution\Core2DProtectingReference.hpp" />
    <ClInclude Include="convolution\Map2DProtectingReference.hpp" />
  </ItemGroup>
</Project>